
Microsoft Visual Studio Solution File, Format Version 12.00
# Visual Studio 15
Project("{FAE04EC0-301F-11D3-BF4B-00C04F79EFBC}") = "Unity.Timeline", "Unity.Timeline.csproj", "{801F7190-2654-ED81-849C-40E4EAFBA119}"
EndProject
Project("{FAE04EC0-301F-11D3-BF4B-00C04F79EFBC}") = "Unity.Timeline.Editor", "Unity.Timeline.Editor.csproj", "{F3B419E7-B858-27CB-1A65-9380E34DDD43}"
EndProject
Project("{FAE04EC0-301F-11D3-BF4B-00C04F79EFBC}") = "Unity.TextMeshPro.Editor", "Unity.TextMeshPro.Editor.csproj", "{74CEC468-590F-6267-DD9E-12168D663B7C}"
EndProject
Project("{FAE04EC0-301F-11D3-BF4B-00C04F79EFBC}") = "Unity.PlasticSCM.Editor", "Unity.PlasticSCM.Editor.csproj", "{9C74A229-F8A3-D794-7ADB-E32B3BFFBE6F}"
EndProject
Project("{FAE04EC0-301F-11D3-BF4B-00C04F79EFBC}") = "CFXREditor", "CFXREditor.csproj", "{F6BB2A82-95C2-2A85-A13E-C17B494D415A}"
EndProject
Project("{FAE04EC0-301F-11D3-BF4B-00C04F79EFBC}") = "UnityEditor.UI", "UnityEditor.UI.csproj", "{003EDEAA-7ABC-1522-4EBF-621D6517E2A5}"
EndProject
Project("{FAE04EC0-301F-11D3-BF4B-00C04F79EFBC}") = "Cinemachine", "Cinemachine.csproj", "{EDFCC41D-E7A8-C4A1-6BE9-59AA72452C5F}"
EndProject
Project("{FAE04EC0-301F-11D3-BF4B-00C04F79EFBC}") = "UnityEditor.TestRunner", "UnityEditor.TestRunner.csproj", "{66CB833F-DA17-F618-C7EF-E67E2FFF0A8F}"
EndProject
Project("{FAE04EC0-301F-11D3-BF4B-00C04F79EFBC}") = "UnityEngine.TestRunner", "UnityEngine.TestRunner.csproj", "{7F3E8B67-5B3B-2B75-538C-989F7E888218}"
EndProject
Project("{FAE04EC0-301F-11D3-BF4B-00C04F79EFBC}") = "CFXRRuntime", "CFXRRuntime.csproj", "{165DC735-3DC8-0315-D038-E4678AF94E06}"
EndProject
Project("{FAE04EC0-301F-11D3-BF4B-00C04F79EFBC}") = "UnityEngine.UI", "UnityEngine.UI.csproj", "{C01526BF-AEB4-41B7-EE2C-76464DE6EC8B}"
EndProject
Project("{FAE04EC0-301F-11D3-BF4B-00C04F79EFBC}") = "Unity.Rider.Editor", "Unity.Rider.Editor.csproj", "{533E2367-A03D-8354-7700-53B76FADB030}"
EndProject
Project("{FAE04EC0-301F-11D3-BF4B-00C04F79EFBC}") = "Unity.TextMeshPro", "Unity.TextMeshPro.csproj", "{D20E1B92-5094-CE21-65C9-443C7F7C1A67}"
EndProject
Project("{FAE04EC0-301F-11D3-BF4B-00C04F79EFBC}") = "Unity.AI.Navigation.Editor", "Unity.AI.Navigation.Editor.csproj", "{2A4CA9DD-63A6-1BC0-DBC3-F7CC3A467C8C}"
EndProject
Project("{FAE04EC0-301F-11D3-BF4B-00C04F79EFBC}") = "Unity.VisualStudio.Editor", "Unity.VisualStudio.Editor.csproj", "{4FDC7002-48BB-C285-DC3B-B602700BE3D5}"
EndProject
Project("{FAE04EC0-301F-11D3-BF4B-00C04F79EFBC}") = "com.unity.cinemachine.editor", "com.unity.cinemachine.editor.csproj", "{C5D7BDCE-C048-09EA-FECF-965EC76614B3}"
EndProject
Project("{FAE04EC0-301F-11D3-BF4B-00C04F79EFBC}") = "Assembly-CSharp", "Assembly-CSharp.csproj", "{8972DF40-4BF6-8215-6A1F-533CBE5CF132}"
EndProject
Project("{FAE04EC0-301F-11D3-BF4B-00C04F79EFBC}") = "Unity.AI.Navigation", "Unity.AI.Navigation.csproj", "{27BBEC5A-F32C-8A62-0DC8-6048C3F1F2B1}"
EndProject
Project("{FAE04EC0-301F-11D3-BF4B-00C04F79EFBC}") = "Unity.AI.Navigation.Editor.ConversionSystem", "Unity.AI.Navigation.Editor.ConversionSystem.csproj", "{697C3D23-9A28-0C22-3BF4-5597BCE737B5}"
EndProject
Project("{FAE04EC0-301F-11D3-BF4B-00C04F79EFBC}") = "CFXR.WelcomeScreen", "CFXR.WelcomeScreen.csproj", "{2C15134C-73A2-7E69-CDCD-8A9D5D18F2F2}"
EndProject
Project("{FAE04EC0-301F-11D3-BF4B-00C04F79EFBC}") = "Unity.VSCode.Editor", "Unity.VSCode.Editor.csproj", "{A9B6EE07-99E0-70C0-8F07-EC4346D5A098}"
EndProject
Project("{FAE04EC0-301F-11D3-BF4B-00C04F79EFBC}") = "Unity.AI.Navigation.Updater", "Unity.AI.Navigation.Updater.csproj", "{CAE2033D-4766-3672-51B3-070DFF8A66FE}"
EndProject
Project("{FAE04EC0-301F-11D3-BF4B-00C04F79EFBC}") = "KinoBloom.Runtime", "KinoBloom.Runtime.csproj", "{74AFC42B-0156-3B11-DDA8-3A3AFB8E0D0C}"
EndProject
Project("{FAE04EC0-301F-11D3-BF4B-00C04F79EFBC}") = "CFXRDemo", "CFXRDemo.csproj", "{684E90F1-5664-CFED-8E46-51C24E5ABDE6}"
EndProject
Project("{FAE04EC0-301F-11D3-BF4B-00C04F79EFBC}") = "Unity.CollabProxy.Editor", "Unity.CollabProxy.Editor.csproj", "{FB2D195C-0543-E536-3AEF-7261915A617F}"
EndProject
Project("{FAE04EC0-301F-11D3-BF4B-00C04F79EFBC}") = "ToonyColorsPro.Demo.Editor", "ToonyColorsPro.Demo.Editor.csproj", "{82E14431-7466-31D2-F289-87C02FEF8876}"
EndProject
Project("{FAE04EC0-301F-11D3-BF4B-00C04F79EFBC}") = "Unity.Timeline", "Unity.Timeline.Player.csproj", "{C05268DB-A944-BF39-5CB5-3D9C327138FD}"
EndProject
Project("{FAE04EC0-301F-11D3-BF4B-00C04F79EFBC}") = "Cinemachine", "Cinemachine.Player.csproj", "{5607276F-36F5-0DA0-1214-864D396E7FA4}"
EndProject
Project("{FAE04EC0-301F-11D3-BF4B-00C04F79EFBC}") = "UnityEngine.TestRunner", "UnityEngine.TestRunner.Player.csproj", "{0CE8FD68-533A-2F58-89C4-D6A3EFE9D93C}"
EndProject
Project("{FAE04EC0-301F-11D3-BF4B-00C04F79EFBC}") = "CFXRRuntime", "CFXRRuntime.Player.csproj", "{591851FF-A430-214D-2ED2-90409F6C0122}"
EndProject
Project("{FAE04EC0-301F-11D3-BF4B-00C04F79EFBC}") = "UnityEngine.UI", "UnityEngine.UI.Player.csproj", "{8CFAC537-820D-1125-885B-7047CE36543C}"
EndProject
Project("{FAE04EC0-301F-11D3-BF4B-00C04F79EFBC}") = "Unity.TextMeshPro", "Unity.TextMeshPro.Player.csproj", "{0D447D58-FD44-52BC-A232-2876774A6D64}"
EndProject
Project("{FAE04EC0-301F-11D3-BF4B-00C04F79EFBC}") = "Assembly-CSharp", "Assembly-CSharp.Player.csproj", "{4116E6B7-2021-99D1-2CF2-6C6A97B783D4}"
EndProject
Project("{FAE04EC0-301F-11D3-BF4B-00C04F79EFBC}") = "Unity.AI.Navigation", "Unity.AI.Navigation.Player.csproj", "{9C19CD63-1A94-6EC7-517C-2ADB62AEB73B}"
EndProject
Project("{FAE04EC0-301F-11D3-BF4B-00C04F79EFBC}") = "KinoBloom.Runtime", "KinoBloom.Runtime.Player.csproj", "{66D7B905-C6E9-7879-6FE4-BEB15380AE05}"
EndProject
Project("{FAE04EC0-301F-11D3-BF4B-00C04F79EFBC}") = "CFXRDemo", "CFXRDemo.Player.csproj", "{277B1397-0D56-22F9-BCDE-DA7A564CA055}"
EndProject
Global
	GlobalSection(SolutionConfigurationPlatforms) = preSolution
		Debug|Any CPU = Debug|Any CPU
		Release|Any CPU = Release|Any CPU
	EndGlobalSection
	GlobalSection(ProjectConfigurationPlatforms) = postSolution
		{801F7190-2654-ED81-849C-40E4EAFBA119}.Debug|Any CPU.ActiveCfg = Debug|Any CPU
		{801F7190-2654-ED81-849C-40E4EAFBA119}.Debug|Any CPU.Build.0 = Debug|Any CPU
		{801F7190-2654-ED81-849C-40E4EAFBA119}.Release|Any CPU.ActiveCfg = Release|Any CPU
		{801F7190-2654-ED81-849C-40E4EAFBA119}.Release|Any CPU.Build.0 = Release|Any CPU
		{F3B419E7-B858-27CB-1A65-9380E34DDD43}.Debug|Any CPU.ActiveCfg = Debug|Any CPU
		{F3B419E7-B858-27CB-1A65-9380E34DDD43}.Debug|Any CPU.Build.0 = Debug|Any CPU
		{F3B419E7-B858-27CB-1A65-9380E34DDD43}.Release|Any CPU.ActiveCfg = Release|Any CPU
		{F3B419E7-B858-27CB-1A65-9380E34DDD43}.Release|Any CPU.Build.0 = Release|Any CPU
		{74CEC468-590F-6267-DD9E-12168D663B7C}.Debug|Any CPU.ActiveCfg = Debug|Any CPU
		{74CEC468-590F-6267-DD9E-12168D663B7C}.Debug|Any CPU.Build.0 = Debug|Any CPU
		{74CEC468-590F-6267-DD9E-12168D663B7C}.Release|Any CPU.ActiveCfg = Release|Any CPU
		{74CEC468-590F-6267-DD9E-12168D663B7C}.Release|Any CPU.Build.0 = Release|Any CPU
		{9C74A229-F8A3-D794-7ADB-E32B3BFFBE6F}.Debug|Any CPU.ActiveCfg = Debug|Any CPU
		{9C74A229-F8A3-D794-7ADB-E32B3BFFBE6F}.Debug|Any CPU.Build.0 = Debug|Any CPU
		{9C74A229-F8A3-D794-7ADB-E32B3BFFBE6F}.Release|Any CPU.ActiveCfg = Release|Any CPU
		{9C74A229-F8A3-D794-7ADB-E32B3BFFBE6F}.Release|Any CPU.Build.0 = Release|Any CPU
		{F6BB2A82-95C2-2A85-A13E-C17B494D415A}.Debug|Any CPU.ActiveCfg = Debug|Any CPU
		{F6BB2A82-95C2-2A85-A13E-C17B494D415A}.Debug|Any CPU.Build.0 = Debug|Any CPU
		{F6BB2A82-95C2-2A85-A13E-C17B494D415A}.Release|Any CPU.ActiveCfg = Release|Any CPU
		{F6BB2A82-95C2-2A85-A13E-C17B494D415A}.Release|Any CPU.Build.0 = Release|Any CPU
		{003EDEAA-7ABC-1522-4EBF-621D6517E2A5}.Debug|Any CPU.ActiveCfg = Debug|Any CPU
		{003EDEAA-7ABC-1522-4EBF-621D6517E2A5}.Debug|Any CPU.Build.0 = Debug|Any CPU
		{003EDEAA-7ABC-1522-4EBF-621D6517E2A5}.Release|Any CPU.ActiveCfg = Release|Any CPU
		{003EDEAA-7ABC-1522-4EBF-621D6517E2A5}.Release|Any CPU.Build.0 = Release|Any CPU
		{EDFCC41D-E7A8-C4A1-6BE9-59AA72452C5F}.Debug|Any CPU.ActiveCfg = Debug|Any CPU
		{EDFCC41D-E7A8-C4A1-6BE9-59AA72452C5F}.Debug|Any CPU.Build.0 = Debug|Any CPU
		{EDFCC41D-E7A8-C4A1-6BE9-59AA72452C5F}.Release|Any CPU.ActiveCfg = Release|Any CPU
		{EDFCC41D-E7A8-C4A1-6BE9-59AA72452C5F}.Release|Any CPU.Build.0 = Release|Any CPU
		{66CB833F-DA17-F618-C7EF-E67E2FFF0A8F}.Debug|Any CPU.ActiveCfg = Debug|Any CPU
		{66CB833F-DA17-F618-C7EF-E67E2FFF0A8F}.Debug|Any CPU.Build.0 = Debug|Any CPU
		{66CB833F-DA17-F618-C7EF-E67E2FFF0A8F}.Release|Any CPU.ActiveCfg = Release|Any CPU
		{66CB833F-DA17-F618-C7EF-E67E2FFF0A8F}.Release|Any CPU.Build.0 = Release|Any CPU
		{7F3E8B67-5B3B-2B75-538C-989F7E888218}.Debug|Any CPU.ActiveCfg = Debug|Any CPU
		{7F3E8B67-5B3B-2B75-538C-989F7E888218}.Debug|Any CPU.Build.0 = Debug|Any CPU
		{7F3E8B67-5B3B-2B75-538C-989F7E888218}.Release|Any CPU.ActiveCfg = Release|Any CPU
		{7F3E8B67-5B3B-2B75-538C-989F7E888218}.Release|Any CPU.Build.0 = Release|Any CPU
		{165DC735-3DC8-0315-D038-E4678AF94E06}.Debug|Any CPU.ActiveCfg = Debug|Any CPU
		{165DC735-3DC8-0315-D038-E4678AF94E06}.Debug|Any CPU.Build.0 = Debug|Any CPU
		{165DC735-3DC8-0315-D038-E4678AF94E06}.Release|Any CPU.ActiveCfg = Release|Any CPU
		{165DC735-3DC8-0315-D038-E4678AF94E06}.Release|Any CPU.Build.0 = Release|Any CPU
		{C01526BF-AEB4-41B7-EE2C-76464DE6EC8B}.Debug|Any CPU.ActiveCfg = Debug|Any CPU
		{C01526BF-AEB4-41B7-EE2C-76464DE6EC8B}.Debug|Any CPU.Build.0 = Debug|Any CPU
		{C01526BF-AEB4-41B7-EE2C-76464DE6EC8B}.Release|Any CPU.ActiveCfg = Release|Any CPU
		{C01526BF-AEB4-41B7-EE2C-76464DE6EC8B}.Release|Any CPU.Build.0 = Release|Any CPU
		{533E2367-A03D-8354-7700-53B76FADB030}.Debug|Any CPU.ActiveCfg = Debug|Any CPU
		{533E2367-A03D-8354-7700-53B76FADB030}.Debug|Any CPU.Build.0 = Debug|Any CPU
		{533E2367-A03D-8354-7700-53B76FADB030}.Release|Any CPU.ActiveCfg = Release|Any CPU
		{533E2367-A03D-8354-7700-53B76FADB030}.Release|Any CPU.Build.0 = Release|Any CPU
		{D20E1B92-5094-CE21-65C9-443C7F7C1A67}.Debug|Any CPU.ActiveCfg = Debug|Any CPU
		{D20E1B92-5094-CE21-65C9-443C7F7C1A67}.Debug|Any CPU.Build.0 = Debug|Any CPU
		{D20E1B92-5094-CE21-65C9-443C7F7C1A67}.Release|Any CPU.ActiveCfg = Release|Any CPU
		{D20E1B92-5094-CE21-65C9-443C7F7C1A67}.Release|Any CPU.Build.0 = Release|Any CPU
		{2A4CA9DD-63A6-1BC0-DBC3-F7CC3A467C8C}.Debug|Any CPU.ActiveCfg = Debug|Any CPU
		{2A4CA9DD-63A6-1BC0-DBC3-F7CC3A467C8C}.Debug|Any CPU.Build.0 = Debug|Any CPU
		{2A4CA9DD-63A6-1BC0-DBC3-F7CC3A467C8C}.Release|Any CPU.ActiveCfg = Release|Any CPU
		{2A4CA9DD-63A6-1BC0-DBC3-F7CC3A467C8C}.Release|Any CPU.Build.0 = Release|Any CPU
		{4FDC7002-48BB-C285-DC3B-B602700BE3D5}.Debug|Any CPU.ActiveCfg = Debug|Any CPU
		{4FDC7002-48BB-C285-DC3B-B602700BE3D5}.Debug|Any CPU.Build.0 = Debug|Any CPU
		{4FDC7002-48BB-C285-DC3B-B602700BE3D5}.Release|Any CPU.ActiveCfg = Release|Any CPU
		{4FDC7002-48BB-C285-DC3B-B602700BE3D5}.Release|Any CPU.Build.0 = Release|Any CPU
		{C5D7BDCE-C048-09EA-FECF-965EC76614B3}.Debug|Any CPU.ActiveCfg = Debug|Any CPU
		{C5D7BDCE-C048-09EA-FECF-965EC76614B3}.Debug|Any CPU.Build.0 = Debug|Any CPU
		{C5D7BDCE-C048-09EA-FECF-965EC76614B3}.Release|Any CPU.ActiveCfg = Release|Any CPU
		{C5D7BDCE-C048-09EA-FECF-965EC76614B3}.Release|Any CPU.Build.0 = Release|Any CPU
		{8972DF40-4BF6-8215-6A1F-533CBE5CF132}.Debug|Any CPU.ActiveCfg = Debug|Any CPU
		{8972DF40-4BF6-8215-6A1F-533CBE5CF132}.Debug|Any CPU.Build.0 = Debug|Any CPU
		{8972DF40-4BF6-8215-6A1F-533CBE5CF132}.Release|Any CPU.ActiveCfg = Release|Any CPU
		{8972DF40-4BF6-8215-6A1F-533CBE5CF132}.Release|Any CPU.Build.0 = Release|Any CPU
		{27BBEC5A-F32C-8A62-0DC8-6048C3F1F2B1}.Debug|Any CPU.ActiveCfg = Debug|Any CPU
		{27BBEC5A-F32C-8A62-0DC8-6048C3F1F2B1}.Debug|Any CPU.Build.0 = Debug|Any CPU
		{27BBEC5A-F32C-8A62-0DC8-6048C3F1F2B1}.Release|Any CPU.ActiveCfg = Release|Any CPU
		{27BBEC5A-F32C-8A62-0DC8-6048C3F1F2B1}.Release|Any CPU.Build.0 = Release|Any CPU
		{697C3D23-9A28-0C22-3BF4-5597BCE737B5}.Debug|Any CPU.ActiveCfg = Debug|Any CPU
		{697C3D23-9A28-0C22-3BF4-5597BCE737B5}.Debug|Any CPU.Build.0 = Debug|Any CPU
		{697C3D23-9A28-0C22-3BF4-5597BCE737B5}.Release|Any CPU.ActiveCfg = Release|Any CPU
		{697C3D23-9A28-0C22-3BF4-5597BCE737B5}.Release|Any CPU.Build.0 = Release|Any CPU
		{2C15134C-73A2-7E69-CDCD-8A9D5D18F2F2}.Debug|Any CPU.ActiveCfg = Debug|Any CPU
		{2C15134C-73A2-7E69-CDCD-8A9D5D18F2F2}.Debug|Any CPU.Build.0 = Debug|Any CPU
		{2C15134C-73A2-7E69-CDCD-8A9D5D18F2F2}.Release|Any CPU.ActiveCfg = Release|Any CPU
		{2C15134C-73A2-7E69-CDCD-8A9D5D18F2F2}.Release|Any CPU.Build.0 = Release|Any CPU
		{A9B6EE07-99E0-70C0-8F07-EC4346D5A098}.Debug|Any CPU.ActiveCfg = Debug|Any CPU
		{A9B6EE07-99E0-70C0-8F07-EC4346D5A098}.Debug|Any CPU.Build.0 = Debug|Any CPU
		{A9B6EE07-99E0-70C0-8F07-EC4346D5A098}.Release|Any CPU.ActiveCfg = Release|Any CPU
		{A9B6EE07-99E0-70C0-8F07-EC4346D5A098}.Release|Any CPU.Build.0 = Release|Any CPU
		{CAE2033D-4766-3672-51B3-070DFF8A66FE}.Debug|Any CPU.ActiveCfg = Debug|Any CPU
		{CAE2033D-4766-3672-51B3-070DFF8A66FE}.Debug|Any CPU.Build.0 = Debug|Any CPU
		{CAE2033D-4766-3672-51B3-070DFF8A66FE}.Release|Any CPU.ActiveCfg = Release|Any CPU
		{CAE2033D-4766-3672-51B3-070DFF8A66FE}.Release|Any CPU.Build.0 = Release|Any CPU
		{74AFC42B-0156-3B11-DDA8-3A3AFB8E0D0C}.Debug|Any CPU.ActiveCfg = Debug|Any CPU
		{74AFC42B-0156-3B11-DDA8-3A3AFB8E0D0C}.Debug|Any CPU.Build.0 = Debug|Any CPU
		{74AFC42B-0156-3B11-DDA8-3A3AFB8E0D0C}.Release|Any CPU.ActiveCfg = Release|Any CPU
		{74AFC42B-0156-3B11-DDA8-3A3AFB8E0D0C}.Release|Any CPU.Build.0 = Release|Any CPU
		{684E90F1-5664-CFED-8E46-51C24E5ABDE6}.Debug|Any CPU.ActiveCfg = Debug|Any CPU
		{684E90F1-5664-CFED-8E46-51C24E5ABDE6}.Debug|Any CPU.Build.0 = Debug|Any CPU
		{684E90F1-5664-CFED-8E46-51C24E5ABDE6}.Release|Any CPU.ActiveCfg = Release|Any CPU
		{684E90F1-5664-CFED-8E46-51C24E5ABDE6}.Release|Any CPU.Build.0 = Release|Any CPU
		{FB2D195C-0543-E536-3AEF-7261915A617F}.Debug|Any CPU.ActiveCfg = Debug|Any CPU
		{FB2D195C-0543-E536-3AEF-7261915A617F}.Debug|Any CPU.Build.0 = Debug|Any CPU
		{FB2D195C-0543-E536-3AEF-7261915A617F}.Release|Any CPU.ActiveCfg = Release|Any CPU
		{FB2D195C-0543-E536-3AEF-7261915A617F}.Release|Any CPU.Build.0 = Release|Any CPU
		{82E14431-7466-31D2-F289-87C02FEF8876}.Debug|Any CPU.ActiveCfg = Debug|Any CPU
		{82E14431-7466-31D2-F289-87C02FEF8876}.Debug|Any CPU.Build.0 = Debug|Any CPU
		{82E14431-7466-31D2-F289-87C02FEF8876}.Release|Any CPU.ActiveCfg = Release|Any CPU
		{82E14431-7466-31D2-F289-87C02FEF8876}.Release|Any CPU.Build.0 = Release|Any CPU
		{C05268DB-A944-BF39-5CB5-3D9C327138FD}.Debug|Any CPU.ActiveCfg = Debug|Any CPU
		{C05268DB-A944-BF39-5CB5-3D9C327138FD}.Debug|Any CPU.Build.0 = Debug|Any CPU
		{C05268DB-A944-BF39-5CB5-3D9C327138FD}.Release|Any CPU.ActiveCfg = Release|Any CPU
		{C05268DB-A944-BF39-5CB5-3D9C327138FD}.Release|Any CPU.Build.0 = Release|Any CPU
		{5607276F-36F5-0DA0-1214-864D396E7FA4}.Debug|Any CPU.ActiveCfg = Debug|Any CPU
		{5607276F-36F5-0DA0-1214-864D396E7FA4}.Debug|Any CPU.Build.0 = Debug|Any CPU
		{5607276F-36F5-0DA0-1214-864D396E7FA4}.Release|Any CPU.ActiveCfg = Release|Any CPU
		{5607276F-36F5-0DA0-1214-864D396E7FA4}.Release|Any CPU.Build.0 = Release|Any CPU
		{0CE8FD68-533A-2F58-89C4-D6A3EFE9D93C}.Debug|Any CPU.ActiveCfg = Debug|Any CPU
		{0CE8FD68-533A-2F58-89C4-D6A3EFE9D93C}.Debug|Any CPU.Build.0 = Debug|Any CPU
		{0CE8FD68-533A-2F58-89C4-D6A3EFE9D93C}.Release|Any CPU.ActiveCfg = Release|Any CPU
		{0CE8FD68-533A-2F58-89C4-D6A3EFE9D93C}.Release|Any CPU.Build.0 = Release|Any CPU
		{591851FF-A430-214D-2ED2-90409F6C0122}.Debug|Any CPU.ActiveCfg = Debug|Any CPU
		{591851FF-A430-214D-2ED2-90409F6C0122}.Debug|Any CPU.Build.0 = Debug|Any CPU
		{591851FF-A430-214D-2ED2-90409F6C0122}.Release|Any CPU.ActiveCfg = Release|Any CPU
		{591851FF-A430-214D-2ED2-90409F6C0122}.Release|Any CPU.Build.0 = Release|Any CPU
		{8CFAC537-820D-1125-885B-7047CE36543C}.Debug|Any CPU.ActiveCfg = Debug|Any CPU
		{8CFAC537-820D-1125-885B-7047CE36543C}.Debug|Any CPU.Build.0 = Debug|Any CPU
		{8CFAC537-820D-1125-885B-7047CE36543C}.Release|Any CPU.ActiveCfg = Release|Any CPU
		{8CFAC537-820D-1125-885B-7047CE36543C}.Release|Any CPU.Build.0 = Release|Any CPU
		{0D447D58-FD44-52BC-A232-2876774A6D64}.Debug|Any CPU.ActiveCfg = Debug|Any CPU
		{0D447D58-FD44-52BC-A232-2876774A6D64}.Debug|Any CPU.Build.0 = Debug|Any CPU
		{0D447D58-FD44-52BC-A232-2876774A6D64}.Release|Any CPU.ActiveCfg = Release|Any CPU
		{0D447D58-FD44-52BC-A232-2876774A6D64}.Release|Any CPU.Build.0 = Release|Any CPU
		{4116E6B7-2021-99D1-2CF2-6C6A97B783D4}.Debug|Any CPU.ActiveCfg = Debug|Any CPU
		{4116E6B7-2021-99D1-2CF2-6C6A97B783D4}.Debug|Any CPU.Build.0 = Debug|Any CPU
		{4116E6B7-2021-99D1-2CF2-6C6A97B783D4}.Release|Any CPU.ActiveCfg = Release|Any CPU
		{4116E6B7-2021-99D1-2CF2-6C6A97B783D4}.Release|Any CPU.Build.0 = Release|Any CPU
		{9C19CD63-1A94-6EC7-517C-2ADB62AEB73B}.Debug|Any CPU.ActiveCfg = Debug|Any CPU
		{9C19CD63-1A94-6EC7-517C-2ADB62AEB73B}.Debug|Any CPU.Build.0 = Debug|Any CPU
		{9C19CD63-1A94-6EC7-517C-2ADB62AEB73B}.Release|Any CPU.ActiveCfg = Release|Any CPU
		{9C19CD63-1A94-6EC7-517C-2ADB62AEB73B}.Release|Any CPU.Build.0 = Release|Any CPU
		{66D7B905-C6E9-7879-6FE4-BEB15380AE05}.Debug|Any CPU.ActiveCfg = Debug|Any CPU
		{66D7B905-C6E9-7879-6FE4-BEB15380AE05}.Debug|Any CPU.Build.0 = Debug|Any CPU
		{66D7B905-C6E9-7879-6FE4-BEB15380AE05}.Release|Any CPU.ActiveCfg = Release|Any CPU
		{66D7B905-C6E9-7879-6FE4-BEB15380AE05}.Release|Any CPU.Build.0 = Release|Any CPU
		{277B1397-0D56-22F9-BCDE-DA7A564CA055}.Debug|Any CPU.ActiveCfg = Debug|Any CPU
		{277B1397-0D56-22F9-BCDE-DA7A564CA055}.Debug|Any CPU.Build.0 = Debug|Any CPU
		{277B1397-0D56-22F9-BCDE-DA7A564CA055}.Release|Any CPU.ActiveCfg = Release|Any CPU
		{277B1397-0D56-22F9-BCDE-DA7A564CA055}.Release|Any CPU.Build.0 = Release|Any CPU
	EndGlobalSection
	GlobalSection(SolutionProperties) = preSolution
		HideSolutionNode = FALSE
	EndGlobalSection
EndGlobal
